
Microsoft Visual Studio Solution File, Format Version 12.00
# Visual Studio Version 16
VisualStudioVersion = 16.0.30804.86
MinimumVisualStudioVersion = 10.0.40219.1
Project("{8BC9CEB8-8B4A-11D0-8D11-00A0C91BC942}") = "shapez.io_solver", "shapez.io_solver\shapez.io_solver.vcxproj", "{F23D222A-E360-453D-87F8-BA84A788B60D}"
EndProject
Global
	GlobalSection(SolutionConfigurationPlatforms) = preSolution
		Debug|x64 = Debug|x64
		Release|x64 = Release|x64
	EndGlobalSection
	GlobalSection(ProjectConfigurationPlatforms) = postSolution
		{F23D222A-E360-453D-87F8-BA84A788B60D}.Debug|x64.ActiveCfg = Debug|x64
		{F23D222A-E360-453D-87F8-BA84A788B60D}.Debug|x64.Build.0 = Debug|x64
		{F23D222A-E360-453D-87F8-BA84A788B60D}.Release|x64.ActiveCfg = Release|x64
		{F23D222A-E360-453D-87F8-BA84A788B60D}.Release|x64.Build.0 = Release|x64
	EndGlobalSection
	GlobalSection(SolutionProperties) = preSolution
		HideSolutionNode = FALSE
	EndGlobalSection
	GlobalSection(ExtensibilityGlobals) = postSolution
		SolutionGuid = {BB5BA43F-66F9-476C-AC32-9CCAB2C47E81}
	EndGlobalSection
EndGlobal
